{
  "version": "5",
  "redirects": {
    "https://esm.sh/@supabase/phoenix@^0.4.2?target=denonext": "https://esm.sh/@supabase/phoenix@0.4.2?target=denonext",
    "https://esm.sh/@supabase/supabase-js@2": "https://esm.sh/@supabase/supabase-js@2.105.4",
    "https://esm.sh/iceberg-js@^0.8.1?target=denonext": "https://esm.sh/iceberg-js@0.8.1?target=denonext"
  },
  "remote": {
    "https://esm.sh/@supabase/auth-js@2.105.4/denonext/auth-js.mjs": "ff69bc872cbb2470390e5997a794a2cc41814666145610d46dc5151a4520cec7",
    "https://esm.sh/@supabase/functions-js@2.105.4/denonext/functions-js.mjs": "8f2223b4fe1b213fa5c1926767bc43cfedc13a3734cf49bf5e4a31ecd49b7cc9",
    "https://esm.sh/@supabase/phoenix@0.4.2/denonext/phoenix.mjs": "8099a9b1277ec1776f0d0ae15e35be72b87b541a3f787b5477a11b546c8d62a9",
    "https://esm.sh/@supabase/phoenix@0.4.2?target=denonext": "0790ada96f524af71c1af9a3f01b5517bd6e90e9e7e22e4c5436b92bc1534e8d",
    "https://esm.sh/@supabase/postgrest-js@2.105.4/denonext/postgrest-js.mjs": "38eac18fd51eb1e065e0f0465fa26ac035f1f4e7c545cc2434d8829294093623",
    "https://esm.sh/@supabase/realtime-js@2.105.4/denonext/realtime-js.mjs": "931d767e9ae6f2f4c77fd08faea699720ff418748da39abc129d301bd88897b9",
    "https://esm.sh/@supabase/storage-js@2.105.4/denonext/storage-js.mjs": "5bcb6fa2cc47c5bbdd6a1ad30c5ff5445307f89fb93f3663acedad705b02296a",
    "https://esm.sh/@supabase/supabase-js@2.105.4": "92cda3ff3af2e241766bc1d53b87167b4d6376d43a0e2f31ddcd6d41a58d09f9",
    "https://esm.sh/@supabase/supabase-js@2.105.4/denonext/supabase-js.mjs": "f048c36d8971b6a89c2d277f3fdf7f2853ce6d0b9aadb5f6fbccbb67276353d8",
    "https://esm.sh/iceberg-js@0.8.1/denonext/iceberg-js.mjs": "d839d81a2e3966500ca2cdd0c1cb458e9608bacfc91f7bb67a69b2e878dcdb4f",
    "https://esm.sh/iceberg-js@0.8.1?target=denonext": "58c849d7fe2bf4eca4a84eb501e83c161a7d8c34ca1bec15a962b3bec3062633",
    "https://esm.sh/tslib@2.8.1/denonext/tslib.mjs": "c38da5dd6da6281964435002ce204cd586634fe3bdfb24a0ee116f48cf3292e9"
  },
  "workspace": {
    "packageJson": {
      "dependencies": [
        "npm:@biomejs/biome@2.4.5",
        "npm:@hookform/resolvers@^5.2.2",
        "npm:@radix-ui/react-accordion@^1.2.12",
        "npm:@radix-ui/react-alert-dialog@^1.1.15",
        "npm:@radix-ui/react-aspect-ratio@^1.1.7",
        "npm:@radix-ui/react-avatar@^1.1.10",
        "npm:@radix-ui/react-checkbox@^1.3.3",
        "npm:@radix-ui/react-collapsible@^1.1.12",
        "npm:@radix-ui/react-context-menu@^2.2.16",
        "npm:@radix-ui/react-dialog@^1.1.15",
        "npm:@radix-ui/react-dropdown-menu@^2.1.16",
        "npm:@radix-ui/react-hover-card@^1.1.15",
        "npm:@radix-ui/react-icons@^1.3.2",
        "npm:@radix-ui/react-label@^2.1.7",
        "npm:@radix-ui/react-menubar@^1.1.16",
        "npm:@radix-ui/react-navigation-menu@^1.2.14",
        "npm:@radix-ui/react-popover@^1.1.15",
        "npm:@radix-ui/react-progress@^1.1.7",
        "npm:@radix-ui/react-radio-group@^1.3.8",
        "npm:@radix-ui/react-scroll-area@^1.2.10",
        "npm:@radix-ui/react-select@^2.2.6",
        "npm:@radix-ui/react-separator@^1.1.7",
        "npm:@radix-ui/react-slider@^1.3.6",
        "npm:@radix-ui/react-slot@^1.2.3",
        "npm:@radix-ui/react-switch@^1.2.6",
        "npm:@radix-ui/react-tabs@^1.1.13",
        "npm:@radix-ui/react-toast@^1.2.15",
        "npm:@radix-ui/react-toggle-group@^1.1.11",
        "npm:@radix-ui/react-toggle@^1.1.10",
        "npm:@radix-ui/react-tooltip@^1.2.8",
        "npm:@supabase/supabase-js@2.103.1",
        "npm:@tailwindcss/container-queries@~0.1.1",
        "npm:@types/bmapgl@^0.0.7",
        "npm:@types/lodash@^4.17.24",
        "npm:@types/react-dom@^19.2.2",
        "npm:@types/react@^19.2.2",
        "npm:@types/video-react@~0.15.8",
        "npm:@typescript/native-preview@7.0.0-dev.20260303.1",
        "npm:@vitejs/plugin-react@^5.1.4",
        "npm:autoprefixer@^10.4.27",
        "npm:axios@^1.13.1",
        "npm:class-variance-authority@~0.7.1",
        "npm:clsx@^2.1.1",
        "npm:cmdk@^1.1.1",
        "npm:date-fns@^3.6.0",
        "npm:embla-carousel-react@^8.6.0",
        "npm:eventsource-parser@^3.0.6",
        "npm:input-otp@^1.4.2",
        "npm:ky@^1.13.0",
        "npm:lucide-react@0.576",
        "npm:miaoda-auth-react@2.0.6",
        "npm:miaoda-sc-plugin@1.0.61",
        "npm:motion@^12.23.25",
        "npm:next-themes@~0.4.6",
        "npm:postcss@^8.5.6",
        "npm:qrcode@^1.5.4",
        "npm:react-day-picker@^9.13.0",
        "npm:react-dom@18",
        "npm:react-dropzone@^14.3.8",
        "npm:react-helmet-async@^2.0.5",
        "npm:react-hook-form@^7.66.0",
        "npm:react-resizable-panels@^2.1.8",
        "npm:react-router-dom@^7.9.5",
        "npm:react-router@^7.9.5",
        "npm:react@18",
        "npm:recharts@2.15.4",
        "npm:rolldown-vite@latest",
        "npm:sonner@^2.0.7",
        "npm:streamdown@^1.4.0",
        "npm:tailwind-merge@^3.3.1",
        "npm:tailwindcss-animate@^1.0.7",
        "npm:tailwindcss-intersect@^2.2.0",
        "npm:tailwindcss@^3.4.11",
        "npm:typescript@~5.9.3",
        "npm:vaul@^1.1.2",
        "npm:video-react@0.16",
        "npm:vite-plugin-svgr@^4.5.0",
        "npm:zod@^3.25.76"
      ]
    }
  }
}
